// !$*UTF8*$!
{
	archiveVersion = 1;
	classes = {
	};
	objectVersion = 77;
	objects = {

/* Begin PBXBuildFile section */
		D33565E12D9F132400422D5C /* BRSettings in Frameworks */ = {isa = PBXBuildFile; productRef = D33565E02D9F132400422D5C /* BRSettings */; };
/* End PBXBuildFile section */

/* Begin PBXContainerItemProxy section */
		D335659B2D9F11D100422D5C /* PBXContainerItemProxy */ = {
			isa = PBXContainerItemProxy;
			containerPortal = D33565852D9F11D000422D5C /* Project object */;
			proxyType = 1;
			remoteGlobalIDString = D335658C2D9F11D000422D5C;
			remoteInfo = BRTestApp;
		};
		D33565A52D9F11D100422D5C /* PBXContainerItemProxy */ = {
			isa = PBXContainerItemProxy;
			containerPortal = D33565852D9F11D000422D5C /* Project object */;
			proxyType = 1;
			remoteGlobalIDString = D335658C2D9F11D000422D5C;
			remoteInfo = BRTestApp;
		};
/* End PBXContainerItemProxy section */

/* Begin PBXFileReference section */
		D335658D2D9F11D000422D5C /* BRTestApp.app */ = {isa = PBXFileReference; explicitFileType = wrapper.application; includeInIndex = 0; path = BRTestApp.app; sourceTree = BUILT_PRODUCTS_DIR; };
		D335659A2D9F11D100422D5C /* BRTestAppTests.xctest */ = {isa = PBXFileReference; explicitFileType = wrapper.cfbundle; includeInIndex = 0; path = BRTestAppTests.xctest; sourceTree = BUILT_PRODUCTS_DIR; };
		D33565A42D9F11D100422D5C /* BRTestAppUITests.xctest */ = {isa = PBXFileReference; explicitFileType = wrapper.cfbundle; includeInIndex = 0; path = BRTestAppUITests.xctest; sourceTree = BUILT_PRODUCTS_DIR; };
/* End PBXFileReference section */

/* Begin PBXFileSystemSynchronizedRootGroup section */
		D335658F2D9F11D000422D5C /* BRTestApp */ = {
			isa = PBXFileSystemSynchronizedRootGroup;
			path = BRTestApp;
			sourceTree = "<group>";
		};
		D335659D2D9F11D100422D5C /* BRTestAppTests */ = {
			isa = PBXFileSystemSynchronizedRootGroup;
			path = BRTestAppTests;
			sourceTree = "<group>";
		};
		D33565A72D9F11D100422D5C /* BRTestAppUITests */ = {
			isa = PBXFileSystemSynchronizedRootGroup;
			path = BRTestAppUITests;
			sourceTree = "<group>";
		};
/* End PBXFileSystemSynchronizedRootGroup section */

/* Begin PBXFrameworksBuildPhase section */
		D335658A2D9F11D000422D5C /* Frameworks */ = {
			isa = PBXFrameworksBuildPhase;
			buildActionMask = 2147483647;
			files = (
				D33565E12D9F132400422D5C /* BRSettings in Frameworks */,
			);
			runOnlyForDeploymentPostprocessing = 0;
		};
		D33565972D9F11D100422D5C /* Frameworks */ = {
			isa = PBXFrameworksBuildPhase;
			buildActionMask = 2147483647;
			files = (
			);
			runOnlyForDeploymentPostprocessing = 0;
		};
		D33565A12D9F11D100422D5C /* Frameworks */ = {
			isa = PBXFrameworksBuildPhase;
			buildActionMask = 2147483647;
			files = (
			);
			runOnlyForDeploymentPostprocessing = 0;
		};
/* End PBXFrameworksBuildPhase section */

/* Begin PBXGroup section */
		D33565842D9F11D000422D5C = {
			isa = PBXGroup;
			children = (
				D335658F2D9F11D000422D5C /* BRTestApp */,
				D335659D2D9F11D100422D5C /* BRTestAppTests */,
				D33565A72D9F11D100422D5C /* BRTestAppUITests */,
				D335658E2D9F11D000422D5C /* Products */,
			);
			sourceTree = "<group>";
		};
		D335658E2D9F11D000422D5C /* Products */ = {
			isa = PBXGroup;
			children = (
				D335658D2D9F11D000422D5C /* BRTestApp.app */,
				D335659A2D9F11D100422D5C /* BRTestAppTests.xctest */,
				D33565A42D9F11D100422D5C /* BRTestAppUITests.xctest */,
			);
			name = Products;
			sourceTree = "<group>";
		};
/* End PBXGroup section */

/* Begin PBXNativeTarget section */
		D335658C2D9F11D000422D5C /* BRTestApp */ = {
			isa = PBXNativeTarget;
			buildConfigurationList = D33565AE2D9F11D100422D5C /* Build configuration list for PBXNativeTarget "BRTestApp" */;
			buildPhases = (
				D33565892D9F11D000422D5C /* Sources */,
				D335658A2D9F11D000422D5C /* Frameworks */,
				D335658B2D9F11D000422D5C /* Resources */,
			);
			buildRules = (
			);
			dependencies = (
			);
			fileSystemSynchronizedGroups = (
				D335658F2D9F11D000422D5C /* BRTestApp */,
			);
			name = BRTestApp;
			packageProductDependencies = (
				D33565E02D9F132400422D5C /* BRSettings */,
			);
			productName = BRTestApp;
			productReference = D335658D2D9F11D000422D5C /* BRTestApp.app */;
			productType = "com.apple.product-type.application";
		};
		D33565992D9F11D100422D5C /* BRTestAppTests */ = {
			isa = PBXNativeTarget;
			buildConfigurationList = D33565B12D9F11D100422D5C /* Build configuration list for PBXNativeTarget "BRTestAppTests" */;
			buildPhases = (
				D33565962D9F11D100422D5C /* Sources */,
				D33565972D9F11D100422D5C /* Frameworks */,
				D33565982D9F11D100422D5C /* Resources */,
			);
			buildRules = (
			);
			dependencies = (
				D335659C2D9F11D100422D5C /* PBXTargetDependency */,
			);
			fileSystemSynchronizedGroups = (
				D335659D2D9F11D100422D5C /* BRTestAppTests */,
			);
			name = BRTestAppTests;
			packageProductDependencies = (
			);
			productName = BRTestAppTests;
			productReference = D335659A2D9F11D100422D5C /* BRTestAppTests.xctest */;
			productType = "com.apple.product-type.bundle.unit-test";
		};
		D33565A32D9F11D100422D5C /* BRTestAppUITests */ = {
			isa = PBXNativeTarget;
			buildConfigurationList = D33565B42D9F11D100422D5C /* Build configuration list for PBXNativeTarget "BRTestAppUITests" */;
			buildPhases = (
				D33565A02D9F11D100422D5C /* Sources */,
				D33565A12D9F11D100422D5C /* Frameworks */,
				D33565A22D9F11D100422D5C /* Resources */,
			);
			buildRules = (
			);
			dependencies = (
				D33565A62D9F11D100422D5C /* PBXTargetDependency */,
			);
			fileSystemSynchronizedGroups = (
				D33565A72D9F11D100422D5C /* BRTestAppUITests */,
			);
			name = BRTestAppUITests;
			packageProductDependencies = (
			);
			productName = BRTestAppUITests;
			productReference = D33565A42D9F11D100422D5C /* BRTestAppUITests.xctest */;
			productType = "com.apple.product-type.bundle.ui-testing";
		};
/* End PBXNativeTarget section */

/* Begin PBXProject section */
		D33565852D9F11D000422D5C /* Project object */ = {
			isa = PBXProject;
			attributes = {
				BuildIndependentTargetsInParallel = 1;
				LastSwiftUpdateCheck = 1630;
				LastUpgradeCheck = 1630;
				TargetAttributes = {
					D335658C2D9F11D000422D5C = {
						CreatedOnToolsVersion = 16.3;
					};
					D33565992D9F11D100422D5C = {
						CreatedOnToolsVersion = 16.3;
						TestTargetID = D335658C2D9F11D000422D5C;
					};
					D33565A32D9F11D100422D5C = {
						CreatedOnToolsVersion = 16.3;
						TestTargetID = D335658C2D9F11D000422D5C;
					};
				};
			};
			buildConfigurationList = D33565882D9F11D000422D5C /* Build configuration list for PBXProject "BRTestApp" */;
			developmentRegion = en;
			hasScannedForEncodings = 0;
			knownRegions = (
				en,
				Base,
			);
			mainGroup = D33565842D9F11D000422D5C;
			minimizedProjectReferenceProxies = 1;
			packageReferences = (
				D33565DF2D9F132400422D5C /* XCRemoteSwiftPackageReference "BRSettings" */,
			);
			preferredProjectObjectVersion = 77;
			productRefGroup = D335658E2D9F11D000422D5C /* Products */;
			projectDirPath = "";
			projectRoot = "";
			targets = (
				D335658C2D9F11D000422D5C /* BRTestApp */,
				D33565992D9F11D100422D5C /* BRTestAppTests */,
				D33565A32D9F11D100422D5C /* BRTestAppUITests */,
			);
		};
/* End PBXProject section */

/* Begin PBXResourcesBuildPhase section */
		D335658B2D9F11D000422D5C /* Resources */ = {
			isa = PBXResourcesBuildPhase;
			buildActionMask = 2147483647;
			files = (
			);
			runOnlyForDeploymentPostprocessing = 0;
		};
		D33565982D9F11D100422D5C /* Resources */ = {
			isa = PBXResourcesBuildPhase;
			buildActionMask = 2147483647;
			files = (
			);
			runOnlyForDeploymentPostprocessing = 0;
		};
		D33565A22D9F11D100422D5C /* Resources */ = {
			isa = PBXResourcesBuildPhase;
			buildActionMask = 2147483647;
			files = (
			);
			runOnlyForDeploymentPostprocessing = 0;
		};
/* End PBXResourcesBuildPhase section */

/* Begin PBXSourcesBuildPhase section */
		D33565892D9F11D000422D5C /* Sources */ = {
			isa = PBXSourcesBuildPhase;
			buildActionMask = 2147483647;
			files = (
			);
			runOnlyForDeploymentPostprocessing = 0;
		};
		D33565962D9F11D100422D5C /* Sources */ = {
			isa = PBXSourcesBuildPhase;
			buildActionMask = 2147483647;
			files = (
			);
			runOnlyForDeploymentPostprocessing = 0;
		};
		D33565A02D9F11D100422D5C /* Sources */ = {
			isa = PBXSourcesBuildPhase;
			buildActionMask = 2147483647;
			files = (
			);
			runOnlyForDeploymentPostprocessing = 0;
		};
/* End PBXSourcesBuildPhase section */

/* Begin PBXTargetDependency section */
		D335659C2D9F11D100422D5C /* PBXTargetDependency */ = {
			isa = PBXTargetDependency;
			target = D335658C2D9F11D000422D5C /* BRTestApp */;
			targetProxy = D335659B2D9F11D100422D5C /* PBXContainerItemProxy */;
		};
		D33565A62D9F11D100422D5C /* PBXTargetDependency */ = {
			isa = PBXTargetDependency;
			target = D335658C2D9F11D000422D5C /* BRTestApp */;
			targetProxy = D33565A52D9F11D100422D5C /* PBXContainerItemProxy */;
		};
/* End PBXTargetDependency section */

/* Begin XCBuildConfiguration section */
		D33565AC2D9F11D100422D5C /* Debug */ = {
			isa = XCBuildConfiguration;
			buildSettings = {
				ALWAYS_SEARCH_USER_PATHS = NO;
				ASSETCATALOG_COMPILER_GENERATE_SWIFT_ASSET_SYMBOL_EXTENSIONS = YES;
				CLANG_ANALYZER_NONNULL = YES;
				CLANG_ANALYZER_NUMBER_OBJECT_CONVERSION = YES_AGGRESSIVE;
				CLANG_CXX_LANGUAGE_STANDARD = "gnu++20";
				CLANG_ENABLE_MODULES = YES;
				CLANG_ENABLE_OBJC_ARC = YES;
				CLANG_ENABLE_OBJC_WEAK = YES;
				CLANG_WARN_BLOCK_CAPTURE_AUTORELEASING = YES;
				CLANG_WARN_BOOL_CONVERSION = YES;
				CLANG_WARN_COMMA = YES;
				CLANG_WARN_CONSTANT_CONVERSION = YES;
				CLANG_WARN_DEPRECATED_OBJC_IMPLEMENTATIONS = YES;
				CLANG_WARN_DIRECT_OBJC_ISA_USAGE = YES_ERROR;
				CLANG_WARN_DOCUMENTATION_COMMENTS = YES;
				CLANG_WARN_EMPTY_BODY = YES;
				CLANG_WARN_ENUM_CONVERSION = YES;
				CLANG_WARN_INFINITE_RECURSION = YES;
				CLANG_WARN_INT_CONVERSION = YES;
				CLANG_WARN_NON_LITERAL_NULL_CONVERSION = YES;
				CLANG_WARN_OBJC_IMPLICIT_RETAIN_SELF = YES;
				CLANG_WARN_OBJC_LITERAL_CONVERSION = YES;
				CLANG_WARN_OBJC_ROOT_CLASS = YES_ERROR;
				CLANG_WARN_QUOTED_INCLUDE_IN_FRAMEWORK_HEADER = YES;
				CLANG_WARN_RANGE_LOOP_ANALYSIS = YES;
				CLANG_WARN_STRICT_PROTOTYPES = YES;
				CLANG_WARN_SUSPICIOUS_MOVE = YES;
				CLANG_WARN_UNGUARDED_AVAILABILITY = YES_AGGRESSIVE;
				CLANG_WARN_UNREACHABLE_CODE = YES;
				CLANG_WARN__DUPLICATE_METHOD_MATCH = YES;
				COPY_PHASE_STRIP = NO;
				DEBUG_INFORMATION_FORMAT = dwarf;
				DEVELOPMENT_TEAM = 3TN79UKC33;
				ENABLE_STRICT_OBJC_MSGSEND = YES;
				ENABLE_TESTABILITY = YES;
				ENABLE_USER_SCRIPT_SANDBOXING = YES;
				GCC_C_LANGUAGE_STANDARD = gnu17;
				GCC_DYNAMIC_NO_PIC = NO;
				GCC_NO_COMMON_BLOCKS = YES;
				GCC_OPTIMIZATION_LEVEL = 0;
				GCC_PREPROCESSOR_DEFINITIONS = (
					"DEBUG=1",
					"$(inherited)",
				);
				GCC_WARN_64_TO_32_BIT_CONVERSION = YES;
				GCC_WARN_ABOUT_RETURN_TYPE = YES_ERROR;
				GCC_WARN_UNDECLARED_SELECTOR = YES;
				GCC_WARN_UNINITIALIZED_AUTOS = YES_AGGRESSIVE;
				GCC_WARN_UNUSED_FUNCTION = YES;
				GCC_WARN_UNUSED_VARIABLE = YES;
				IPHONEOS_DEPLOYMENT_TARGET = 18.4;
				LOCALIZATION_PREFERS_STRING_CATALOGS = YES;
				MTL_ENABLE_DEBUG_INFO = INCLUDE_SOURCE;
				MTL_FAST_MATH = YES;
				ONLY_ACTIVE_ARCH = YES;
				SDKROOT = iphoneos;
				SWIFT_ACTIVE_COMPILATION_CONDITIONS = "DEBUG $(inherited)";
				SWIFT_OPTIMIZATION_LEVEL = "-Onone";
			};
			name = Debug;
		};
		D33565AD2D9F11D100422D5C /* Release */ = {
			isa = XCBuildConfiguration;
			buildSettings = {
				ALWAYS_SEARCH_USER_PATHS = NO;
				ASSETCATALOG_COMPILER_GENERATE_SWIFT_ASSET_SYMBOL_EXTENSIONS = YES;
				CLANG_ANALYZER_NONNULL = YES;
				CLANG_ANALYZER_NUMBER_OBJECT_CONVERSION = YES_AGGRESSIVE;
				CLANG_CXX_LANGUAGE_STANDARD = "gnu++20";
				CLANG_ENABLE_MODULES = YES;
				CLANG_ENABLE_OBJC_ARC = YES;
				CLANG_ENABLE_OBJC_WEAK = YES;
				CLANG_WARN_BLOCK_CAPTURE_AUTORELEASING = YES;
				CLANG_WARN_BOOL_CONVERSION = YES;
				CLANG_WARN_COMMA = YES;
				CLANG_WARN_CONSTANT_CONVERSION = YES;
				CLANG_WARN_DEPRECATED_OBJC_IMPLEMENTATIONS = YES;
				CLANG_WARN_DIRECT_OBJC_ISA_USAGE = YES_ERROR;
				CLANG_WARN_DOCUMENTATION_COMMENTS = YES;
				CLANG_WARN_EMPTY_BODY = YES;
				CLANG_WARN_ENUM_CONVERSION = YES;
				CLANG_WARN_INFINITE_RECURSION = YES;
				CLANG_WARN_INT_CONVERSION = YES;
				CLANG_WARN_NON_LITERAL_NULL_CONVERSION = YES;
				CLANG_WARN_OBJC_IMPLICIT_RETAIN_SELF = YES;
				CLANG_WARN_OBJC_LITERAL_CONVERSION = YES;
				CLANG_WARN_OBJC_ROOT_CLASS = YES_ERROR;
				CLANG_WARN_QUOTED_INCLUDE_IN_FRAMEWORK_HEADER = YES;
				CLANG_WARN_RANGE_LOOP_ANALYSIS = YES;
				CLANG_WARN_STRICT_PROTOTYPES = YES;
				CLANG_WARN_SUSPICIOUS_MOVE = YES;
				CLANG_WARN_UNGUARDED_AVAILABILITY = YES_AGGRESSIVE;
				CLANG_WARN_UNREACHABLE_CODE = YES;
				CLANG_WARN__DUPLICATE_METHOD_MATCH = YES;
				COPY_PHASE_STRIP = NO;
				DEBUG_INFORMATION_FORMAT = "dwarf-with-dsym";
				DEVELOPMENT_TEAM = 3TN79UKC33;
				ENABLE_NS_ASSERTIONS = NO;
				ENABLE_STRICT_OBJC_MSGSEND = YES;
				ENABLE_USER_SCRIPT_SANDBOXING = YES;
				GCC_C_LANGUAGE_STANDARD = gnu17;
				GCC_NO_COMMON_BLOCKS = YES;
				GCC_WARN_64_TO_32_BIT_CONVERSION = YES;
				GCC_WARN_ABOUT_RETURN_TYPE = YES_ERROR;
				GCC_WARN_UNDECLARED_SELECTOR = YES;
				GCC_WARN_UNINITIALIZED_AUTOS = YES_AGGRESSIVE;
				GCC_WARN_UNUSED_FUNCTION = YES;
				GCC_WARN_UNUSED_VARIABLE = YES;
				IPHONEOS_DEPLOYMENT_TARGET = 18.4;
				LOCALIZATION_PREFERS_STRING_CATALOGS = YES;
				MTL_ENABLE_DEBUG_INFO = NO;
				MTL_FAST_MATH = YES;
				SDKROOT = iphoneos;
				SWIFT_COMPILATION_MODE = wholemodule;
				VALIDATE_PRODUCT = YES;
			};
			name = Release;
		};
		D33565AF2D9F11D100422D5C /* Debug */ = {
			isa = XCBuildConfiguration;
			buildSettings = {
				ASSETCATALOG_COMPILER_APPICON_NAME = AppIcon;
				ASSETCATALOG_COMPILER_GLOBAL_ACCENT_COLOR_NAME = AccentColor;
				CODE_SIGN_STYLE = Automatic;
				CURRENT_PROJECT_VERSION = 1;
				DEVELOPMENT_TEAM = 3TN79UKC33;
				ENABLE_PREVIEWS = YES;
				GENERATE_INFOPLIST_FILE = YES;
				INFOPLIST_KEY_UIApplicationSceneManifest_Generation = YES;
				INFOPLIST_KEY_UIApplicationSupportsIndirectInputEvents = YES;
				INFOPLIST_KEY_UILaunchScreen_Generation = YES;
				INFOPLIST_KEY_UISupportedInterfaceOrientations_iPad = "UIInterfaceOrientationPortrait UIInterfaceOrientationPortraitUpsideDown UIInterfaceOrientationLandscapeLeft UIInterfaceOrientationLandscapeRight";
				INFOPLIST_KEY_UISupportedInterfaceOrientations_iPhone = "UIInterfaceOrientationPortrait UIInterfaceOrientationLandscapeLeft UIInterfaceOrientationLandscapeRight";
				LD_RUNPATH_SEARCH_PATHS = (
					"$(inherited)",
					"@executable_path/Frameworks",
				);
				MARKETING_VERSION = 1.0;
				PRODUCT_BUNDLE_IDENTIFIER = com.beebooapps.BRTestApp;
				PRODUCT_NAME = "$(TARGET_NAME)";
				SWIFT_EMIT_LOC_STRINGS = YES;
				SWIFT_VERSION = 5.0;
				TARGETED_DEVICE_FAMILY = "1,2";
			};
			name = Debug;
		};
		D33565B02D9F11D100422D5C /* Release */ = {
			isa = XCBuildConfiguration;
			buildSettings = {
				ASSETCATALOG_COMPILER_APPICON_NAME = AppIcon;
				ASSETCATALOG_COMPILER_GLOBAL_ACCENT_COLOR_NAME = AccentColor;
				CODE_SIGN_STYLE = Automatic;
				CURRENT_PROJECT_VERSION = 1;
				DEVELOPMENT_TEAM = 3TN79UKC33;
				ENABLE_PREVIEWS = YES;
				GENERATE_INFOPLIST_FILE = YES;
				INFOPLIST_KEY_UIApplicationSceneManifest_Generation = YES;
				INFOPLIST_KEY_UIApplicationSupportsIndirectInputEvents = YES;
				INFOPLIST_KEY_UILaunchScreen_Generation = YES;
				INFOPLIST_KEY_UISupportedInterfaceOrientations_iPad = "UIInterfaceOrientationPortrait UIInterfaceOrientationPortraitUpsideDown UIInterfaceOrientationLandscapeLeft UIInterfaceOrientationLandscapeRight";
				INFOPLIST_KEY_UISupportedInterfaceOrientations_iPhone = "UIInterfaceOrientationPortrait UIInterfaceOrientationLandscapeLeft UIInterfaceOrientationLandscapeRight";
				LD_RUNPATH_SEARCH_PATHS = (
					"$(inherited)",
					"@executable_path/Frameworks",
				);
				MARKETING_VERSION = 1.0;
				PRODUCT_BUNDLE_IDENTIFIER = com.beebooapps.BRTestApp;
				PRODUCT_NAME = "$(TARGET_NAME)";
				SWIFT_EMIT_LOC_STRINGS = YES;
				SWIFT_VERSION = 5.0;
				TARGETED_DEVICE_FAMILY = "1,2";
			};
			name = Release;
		};
		D33565B22D9F11D100422D5C /* Debug */ = {
			isa = XCBuildConfiguration;
			buildSettings = {
				BUNDLE_LOADER = "$(TEST_HOST)";
				CODE_SIGN_STYLE = Automatic;
				CURRENT_PROJECT_VERSION = 1;
				DEVELOPMENT_TEAM = 3TN79UKC33;
				GENERATE_INFOPLIST_FILE = YES;
				IPHONEOS_DEPLOYMENT_TARGET = 18.4;
				MARKETING_VERSION = 1.0;
				PRODUCT_BUNDLE_IDENTIFIER = com.beebooapps.BRTestAppTests;
				PRODUCT_NAME = "$(TARGET_NAME)";
				SWIFT_EMIT_LOC_STRINGS = NO;
				SWIFT_VERSION = 5.0;
				TARGETED_DEVICE_FAMILY = "1,2";
				TEST_HOST = "$(BUILT_PRODUCTS_DIR)/BRTestApp.app/$(BUNDLE_EXECUTABLE_FOLDER_PATH)/BRTestApp";
			};
			name = Debug;
		};
		D33565B32D9F11D100422D5C /* Release */ = {
			isa = XCBuildConfiguration;
			buildSettings = {
				BUNDLE_LOADER = "$(TEST_HOST)";
				CODE_SIGN_STYLE = Automatic;
				CURRENT_PROJECT_VERSION = 1;
				DEVELOPMENT_TEAM = 3TN79UKC33;
				GENERATE_INFOPLIST_FILE = YES;
				IPHONEOS_DEPLOYMENT_TARGET = 18.4;
				MARKETING_VERSION = 1.0;
				PRODUCT_BUNDLE_IDENTIFIER = com.beebooapps.BRTestAppTests;
				PRODUCT_NAME = "$(TARGET_NAME)";
				SWIFT_EMIT_LOC_STRINGS = NO;
				SWIFT_VERSION = 5.0;
				TARGETED_DEVICE_FAMILY = "1,2";
				TEST_HOST = "$(BUILT_PRODUCTS_DIR)/BRTestApp.app/$(BUNDLE_EXECUTABLE_FOLDER_PATH)/BRTestApp";
			};
			name = Release;
		};
		D33565B52D9F11D100422D5C /* Debug */ = {
			isa = XCBuildConfiguration;
			buildSettings = {
				CODE_SIGN_STYLE = Automatic;
				CURRENT_PROJECT_VERSION = 1;
				DEVELOPMENT_TEAM = 3TN79UKC33;
				GENERATE_INFOPLIST_FILE = YES;
				MARKETING_VERSION = 1.0;
				PRODUCT_BUNDLE_IDENTIFIER = com.beebooapps.BRTestAppUITests;
				PRODUCT_NAME = "$(TARGET_NAME)";
				SWIFT_EMIT_LOC_STRINGS = NO;
				SWIFT_VERSION = 5.0;
				TARGETED_DEVICE_FAMILY = "1,2";
				TEST_TARGET_NAME = BRTestApp;
			};
			name = Debug;
		};
		D33565B62D9F11D100422D5C /* Release */ = {
			isa = XCBuildConfiguration;
			buildSettings = {
				CODE_SIGN_STYLE = Automatic;
				CURRENT_PROJECT_VERSION = 1;
				DEVELOPMENT_TEAM = 3TN79UKC33;
				GENERATE_INFOPLIST_FILE = YES;
				MARKETING_VERSION = 1.0;
				PRODUCT_BUNDLE_IDENTIFIER = com.beebooapps.BRTestAppUITests;
				PRODUCT_NAME = "$(TARGET_NAME)";
				SWIFT_EMIT_LOC_STRINGS = NO;
				SWIFT_VERSION = 5.0;
				TARGETED_DEVICE_FAMILY = "1,2";
				TEST_TARGET_NAME = BRTestApp;
			};
			name = Release;
		};
/* End XCBuildConfiguration section */

/* Begin XCConfigurationList section */
		D33565882D9F11D000422D5C /* Build configuration list for PBXProject "BRTestApp" */ = {
			isa = XCConfigurationList;
			buildConfigurations = (
				D33565AC2D9F11D100422D5C /* Debug */,
				D33565AD2D9F11D100422D5C /* Release */,
			);
			defaultConfigurationIsVisible = 0;
			defaultConfigurationName = Release;
		};
		D33565AE2D9F11D100422D5C /* Build configuration list for PBXNativeTarget "BRTestApp" */ = {
			isa = XCConfigurationList;
			buildConfigurations = (
				D33565AF2D9F11D100422D5C /* Debug */,
				D33565B02D9F11D100422D5C /* Release */,
			);
			defaultConfigurationIsVisible = 0;
			defaultConfigurationName = Release;
		};
		D33565B12D9F11D100422D5C /* Build configuration list for PBXNativeTarget "BRTestAppTests" */ = {
			isa = XCConfigurationList;
			buildConfigurations = (
				D33565B22D9F11D100422D5C /* Debug */,
				D33565B32D9F11D100422D5C /* Release */,
			);
			defaultConfigurationIsVisible = 0;
			defaultConfigurationName = Release;
		};
		D33565B42D9F11D100422D5C /* Build configuration list for PBXNativeTarget "BRTestAppUITests" */ = {
			isa = XCConfigurationList;
			buildConfigurations = (
				D33565B52D9F11D100422D5C /* Debug */,
				D33565B62D9F11D100422D5C /* Release */,
			);
			defaultConfigurationIsVisible = 0;
			defaultConfigurationName = Release;
		};
/* End XCConfigurationList section */

/* Begin XCRemoteSwiftPackageReference section */
		D33565DF2D9F132400422D5C /* XCRemoteSwiftPackageReference "BRSettings" */ = {
			isa = XCRemoteSwiftPackageReference;
			repositoryURL = "https://github.com/benroaman/BRSettings";
			requirement = {
				branch = main;
				kind = branch;
			};
		};
/* End XCRemoteSwiftPackageReference section */

/* Begin XCSwiftPackageProductDependency section */
		D33565E02D9F132400422D5C /* BRSettings */ = {
			isa = XCSwiftPackageProductDependency;
			package = D33565DF2D9F132400422D5C /* XCRemoteSwiftPackageReference "BRSettings" */;
			productName = BRSettings;
		};
/* End XCSwiftPackageProductDependency section */
	};
	rootObject = D33565852D9F11D000422D5C /* Project object */;
}
