{
  "originHash" : "29da30e19cdaf8e4a204ef66dbaf0f633e2ac3192203d5c193b24e260e1b2b30",
  "pins" : [
    {
      "identity" : "brsettings",
      "kind" : "remoteSourceControl",
      "location" : "https://github.com/benroaman/BRSettings",
      "state" : {
        "branch" : "main",
        "revision" : "beab288efc1662a71f9f10eec94757bb50d5ca87"
      }
    }
  ],
  "version" : 3
}
