{
  "originHash" : "f247e05809b8c21a353cb0ffa8234ca92f9c7ef30bae7c839c44d930e900c30d",
  "pins" : [
    {
      "identity" : "brsettings",
      "kind" : "remoteSourceControl",
      "location" : "https://github.com/benroaman/BRSettings",
      "state" : {
        "branch" : "main",
        "revision" : "beab288efc1662a71f9f10eec94757bb50d5ca87"
      }
    },
    {
      "identity" : "swift-collections",
      "kind" : "remoteSourceControl",
      "location" : "https://github.com/apple/swift-collections.git",
      "state" : {
        "revision" : "671108c96644956dddcd89dd59c203dcdb36cec7",
        "version" : "1.1.4"
      }
    }
  ],
  "version" : 3
}
